// !$*UTF8*$!
{
	archiveVersion = 1;
	classes = {
	};
	objectVersion = 48;
	objects = {

/* Begin PBXBuildFile section */
		2601D5FB1F0DDDD500039421 /* AppDelegate.swift in Sources */ = {isa = PBXBuildFile; fileRef = 2601D5FA1F0DDDD500039421 /* AppDelegate.swift */; };
		2601D5FD1F0DDDD500039421 /* ViewController.swift in Sources */ = {isa = PBXBuildFile; fileRef = 2601D5FC1F0DDDD500039421 /* ViewController.swift */; };
		2601D6021F0DDDD500039421 /* Assets.xcassets in Resources */ = {isa = PBXBuildFile; fileRef = 2601D6011F0DDDD500039421 /* Assets.xcassets */; };
		2601D6051F0DDDD500039421 /* LaunchScreen.storyboard in Resources */ = {isa = PBXBuildFile; fileRef = 2601D6031F0DDDD500039421 /* LaunchScreen.storyboard */; };
		2601D6101F0DDDD500039421 /* ExpenseTrackerTests.swift in Sources */ = {isa = PBXBuildFile; fileRef = 2601D60F1F0DDDD500039421 /* ExpenseTrackerTests.swift */; };
		2601D61C1F0DDDEA00039421 /* Protocols.swift in Sources */ = {isa = PBXBuildFile; fileRef = 2601D61B1F0DDDEA00039421 /* Protocols.swift */; };
		2601D6251F0DE9CC00039421 /* HomeViewController.swift in Sources */ = {isa = PBXBuildFile; fileRef = 2601D6241F0DE9CC00039421 /* HomeViewController.swift */; };
		2601D6291F0DEDFE00039421 /* Category.swift in Sources */ = {isa = PBXBuildFile; fileRef = 2601D6281F0DEDFE00039421 /* Category.swift */; };
		2601D62B1F0DEE0700039421 /* Expense.swift in Sources */ = {isa = PBXBuildFile; fileRef = 2601D62A1F0DEE0700039421 /* Expense.swift */; };
		2602C1981F14B0EE00A040E2 /* PersistingHelper.swift in Sources */ = {isa = PBXBuildFile; fileRef = 2602C1971F14B0EE00A040E2 /* PersistingHelper.swift */; };
		2624AAA41F2F08C100CEDA2F /* Application.swift in Sources */ = {isa = PBXBuildFile; fileRef = 2624AAA31F2F08C100CEDA2F /* Application.swift */; };
		2624AAA61F2F093900CEDA2F /* Navigation.swift in Sources */ = {isa = PBXBuildFile; fileRef = 2624AAA51F2F093900CEDA2F /* Navigation.swift */; };
		2624AAA81F3075C300CEDA2F /* HomeViewModel.swift in Sources */ = {isa = PBXBuildFile; fileRef = 2624AAA71F3075C300CEDA2F /* HomeViewModel.swift */; };
		2624AAAA1F30772200CEDA2F /* NewExpenseViewModel.swift in Sources */ = {isa = PBXBuildFile; fileRef = 2624AAA91F30772200CEDA2F /* NewExpenseViewModel.swift */; };
		26A46F341F1F39B8002DC5C4 /* Extensions.swift in Sources */ = {isa = PBXBuildFile; fileRef = 26A46F331F1F39B8002DC5C4 /* Extensions.swift */; };
		26D5CA631F14B4BE001A9F85 /* NewExpenseViewController.swift in Sources */ = {isa = PBXBuildFile; fileRef = 26D5CA621F14B4BE001A9F85 /* NewExpenseViewController.swift */; };
		26D5CA651F14B4CF001A9F85 /* NewExpenseViewController.xib in Resources */ = {isa = PBXBuildFile; fileRef = 26D5CA641F14B4CF001A9F85 /* NewExpenseViewController.xib */; };
		26E8A3771F1371CD0056C5FE /* HomeViewController.xib in Resources */ = {isa = PBXBuildFile; fileRef = 26E8A3761F1371CD0056C5FE /* HomeViewController.xib */; };
		26F4F9ED1F186A1100D75562 /* DetailViewModel.swift in Sources */ = {isa = PBXBuildFile; fileRef = 26F4F9EC1F186A1100D75562 /* DetailViewModel.swift */; };
		26F4F9EF1F186D6200D75562 /* ListViewModel.swift in Sources */ = {isa = PBXBuildFile; fileRef = 26F4F9EE1F186D6200D75562 /* ListViewModel.swift */; };
		26FDE1BF1F207F5D008AACBA /* ExpenseTests.swift in Sources */ = {isa = PBXBuildFile; fileRef = 26FDE1BE1F207F5D008AACBA /* ExpenseTests.swift */; };
		4F62F150462ABE5E7F426AA1 /* Pods_ExpenseTracker_ExpenseTrackerTests.framework in Frameworks */ = {isa = PBXBuildFile; fileRef = 045B8F92ED8ADBCDB3CFEDFB /* Pods_ExpenseTracker_ExpenseTrackerTests.framework */; };
		DAD5BF73F17AF698A0251056 /* Pods_ExpenseTracker.framework in Frameworks */ = {isa = PBXBuildFile; fileRef = 0C4CA484E75256A8069E4719 /* Pods_ExpenseTracker.framework */; };
/* End PBXBuildFile section */

/* Begin PBXContainerItemProxy section */
		2601D60C1F0DDDD500039421 /* PBXContainerItemProxy */ = {
			isa = PBXContainerItemProxy;
			containerPortal = 2601D5EF1F0DDDD500039421 /* Project object */;
			proxyType = 1;
			remoteGlobalIDString = 2601D5F61F0DDDD500039421;
			remoteInfo = ExpenseTracker;
		};
/* End PBXContainerItemProxy section */

/* Begin PBXCopyFilesBuildPhase section */
		267546C21F1360E400BB361A /* CopyFiles */ = {
			isa = PBXCopyFilesBuildPhase;
			buildActionMask = 2147483647;
			dstPath = "";
			dstSubfolderSpec = 7;
			files = (
			);
			runOnlyForDeploymentPostprocessing = 0;
		};
/* End PBXCopyFilesBuildPhase section */

/* Begin PBXFileReference section */
		045B8F92ED8ADBCDB3CFEDFB /* Pods_ExpenseTracker_ExpenseTrackerTests.framework */ = {isa = PBXFileReference; explicitFileType = wrapper.framework; includeInIndex = 0; path = Pods_ExpenseTracker_ExpenseTrackerTests.framework; sourceTree = BUILT_PRODUCTS_DIR; };
		07060041359EBCFCDB38E70A /* Pods-ExpenseTracker.debug.xcconfig */ = {isa = PBXFileReference; includeInIndex = 1; lastKnownFileType = text.xcconfig; name = "Pods-ExpenseTracker.debug.xcconfig"; path = "Pods/Target Support Files/Pods-ExpenseTracker/Pods-ExpenseTracker.debug.xcconfig"; sourceTree = "<group>"; };
		0B5964392FD768FB0871CAB2 /* Pods-ExpenseTracker-ExpenseTrackerTests.release.xcconfig */ = {isa = PBXFileReference; includeInIndex = 1; lastKnownFileType = text.xcconfig; name = "Pods-ExpenseTracker-ExpenseTrackerTests.release.xcconfig"; path = "Pods/Target Support Files/Pods-ExpenseTracker-ExpenseTrackerTests/Pods-ExpenseTracker-ExpenseTrackerTests.release.xcconfig"; sourceTree = "<group>"; };
		0C4CA484E75256A8069E4719 /* Pods_ExpenseTracker.framework */ = {isa = PBXFileReference; explicitFileType = wrapper.framework; includeInIndex = 0; path = Pods_ExpenseTracker.framework; sourceTree = BUILT_PRODUCTS_DIR; };
		2601D5F71F0DDDD500039421 /* ExpenseTracker.app */ = {isa = PBXFileReference; explicitFileType = wrapper.application; includeInIndex = 0; path = ExpenseTracker.app; sourceTree = BUILT_PRODUCTS_DIR; };
		2601D5FA1F0DDDD500039421 /* AppDelegate.swift */ = {isa = PBXFileReference; lastKnownFileType = sourcecode.swift; path = AppDelegate.swift; sourceTree = "<group>"; };
		2601D5FC1F0DDDD500039421 /* ViewController.swift */ = {isa = PBXFileReference; lastKnownFileType = sourcecode.swift; path = ViewController.swift; sourceTree = "<group>"; };
		2601D6011F0DDDD500039421 /* Assets.xcassets */ = {isa = PBXFileReference; lastKnownFileType = folder.assetcatalog; path = Assets.xcassets; sourceTree = "<group>"; };
		2601D6041F0DDDD500039421 /* Base */ = {isa = PBXFileReference; lastKnownFileType = file.storyboard; name = Base; path = Base.lproj/LaunchScreen.storyboard; sourceTree = "<group>"; };
		2601D6061F0DDDD500039421 /* Info.plist */ = {isa = PBXFileReference; lastKnownFileType = text.plist.xml; path = Info.plist; sourceTree = "<group>"; };
		2601D60B1F0DDDD500039421 /* ExpenseTrackerTests.xctest */ = {isa = PBXFileReference; explicitFileType = wrapper.cfbundle; includeInIndex = 0; path = ExpenseTrackerTests.xctest; sourceTree = BUILT_PRODUCTS_DIR; };
		2601D60F1F0DDDD500039421 /* ExpenseTrackerTests.swift */ = {isa = PBXFileReference; lastKnownFileType = sourcecode.swift; path = ExpenseTrackerTests.swift; sourceTree = "<group>"; };
		2601D6111F0DDDD500039421 /* Info.plist */ = {isa = PBXFileReference; lastKnownFileType = text.plist.xml; path = Info.plist; sourceTree = "<group>"; };
		2601D61B1F0DDDEA00039421 /* Protocols.swift */ = {isa = PBXFileReference; lastKnownFileType = sourcecode.swift; path = Protocols.swift; sourceTree = "<group>"; };
		2601D6241F0DE9CC00039421 /* HomeViewController.swift */ = {isa = PBXFileReference; lastKnownFileType = sourcecode.swift; path = HomeViewController.swift; sourceTree = "<group>"; };
		2601D6281F0DEDFE00039421 /* Category.swift */ = {isa = PBXFileReference; lastKnownFileType = sourcecode.swift; path = Category.swift; sourceTree = "<group>"; };
		2601D62A1F0DEE0700039421 /* Expense.swift */ = {isa = PBXFileReference; lastKnownFileType = sourcecode.swift; path = Expense.swift; sourceTree = "<group>"; };
		2602C1971F14B0EE00A040E2 /* PersistingHelper.swift */ = {isa = PBXFileReference; lastKnownFileType = sourcecode.swift; path = PersistingHelper.swift; sourceTree = "<group>"; };
		261E6C031F0E114C00BB3451 /* Realm.framework */ = {isa = PBXFileReference; lastKnownFileType = wrapper.framework; name = Realm.framework; path = Carthage/Build/iOS/Realm.framework; sourceTree = "<group>"; };
		261E6C041F0E114D00BB3451 /* RealmSwift.framework */ = {isa = PBXFileReference; lastKnownFileType = wrapper.framework; name = RealmSwift.framework; path = Carthage/Build/iOS/RealmSwift.framework; sourceTree = "<group>"; };
		2624AAA31F2F08C100CEDA2F /* Application.swift */ = {isa = PBXFileReference; lastKnownFileType = sourcecode.swift; path = Application.swift; sourceTree = "<group>"; };
		2624AAA51F2F093900CEDA2F /* Navigation.swift */ = {isa = PBXFileReference; lastKnownFileType = sourcecode.swift; path = Navigation.swift; sourceTree = "<group>"; };
		2624AAA71F3075C300CEDA2F /* HomeViewModel.swift */ = {isa = PBXFileReference; lastKnownFileType = sourcecode.swift; path = HomeViewModel.swift; sourceTree = "<group>"; };
		2624AAA91F30772200CEDA2F /* NewExpenseViewModel.swift */ = {isa = PBXFileReference; lastKnownFileType = sourcecode.swift; path = NewExpenseViewModel.swift; sourceTree = "<group>"; };
		26A46F331F1F39B8002DC5C4 /* Extensions.swift */ = {isa = PBXFileReference; lastKnownFileType = sourcecode.swift; path = Extensions.swift; sourceTree = "<group>"; };
		26D5CA621F14B4BE001A9F85 /* NewExpenseViewController.swift */ = {isa = PBXFileReference; lastKnownFileType = sourcecode.swift; path = NewExpenseViewController.swift; sourceTree = "<group>"; };
		26D5CA641F14B4CF001A9F85 /* NewExpenseViewController.xib */ = {isa = PBXFileReference; lastKnownFileType = file.xib; path = NewExpenseViewController.xib; sourceTree = "<group>"; };
		26E8A3761F1371CD0056C5FE /* HomeViewController.xib */ = {isa = PBXFileReference; lastKnownFileType = file.xib; path = HomeViewController.xib; sourceTree = "<group>"; };
		26F4F9EC1F186A1100D75562 /* DetailViewModel.swift */ = {isa = PBXFileReference; lastKnownFileType = sourcecode.swift; path = DetailViewModel.swift; sourceTree = "<group>"; };
		26F4F9EE1F186D6200D75562 /* ListViewModel.swift */ = {isa = PBXFileReference; lastKnownFileType = sourcecode.swift; path = ListViewModel.swift; sourceTree = "<group>"; };
		26FDE1BE1F207F5D008AACBA /* ExpenseTests.swift */ = {isa = PBXFileReference; lastKnownFileType = sourcecode.swift; path = ExpenseTests.swift; sourceTree = "<group>"; };
		26FDE1C01F2080C9008AACBA /* RealmSwift.framework */ = {isa = PBXFileReference; lastKnownFileType = wrapper.framework; name = RealmSwift.framework; path = "../../../Library/Developer/Xcode/DerivedData/ExpenseTracker-frkhlrdoeoiopjbinrqzdktrkoot/Build/Products/Debug-iphonesimulator/RealmSwift/RealmSwift.framework"; sourceTree = "<group>"; };
		26FDE1C11F2080CA008AACBA /* Realm.framework */ = {isa = PBXFileReference; lastKnownFileType = wrapper.framework; name = Realm.framework; path = "../../../Library/Developer/Xcode/DerivedData/ExpenseTracker-frkhlrdoeoiopjbinrqzdktrkoot/Build/Products/Debug-iphonesimulator/Realm/Realm.framework"; sourceTree = "<group>"; };
		5ED7F8E718D21B1E60DBCF5E /* Pods-ExpenseTracker-ExpenseTrackerTests.debug.xcconfig */ = {isa = PBXFileReference; includeInIndex = 1; lastKnownFileType = text.xcconfig; name = "Pods-ExpenseTracker-ExpenseTrackerTests.debug.xcconfig"; path = "Pods/Target Support Files/Pods-ExpenseTracker-ExpenseTrackerTests/Pods-ExpenseTracker-ExpenseTrackerTests.debug.xcconfig"; sourceTree = "<group>"; };
		AA3EC46A7FBACDA0B7A74533 /* Pods-ExpenseTracker.release.xcconfig */ = {isa = PBXFileReference; includeInIndex = 1; lastKnownFileType = text.xcconfig; name = "Pods-ExpenseTracker.release.xcconfig"; path = "Pods/Target Support Files/Pods-ExpenseTracker/Pods-ExpenseTracker.release.xcconfig"; sourceTree = "<group>"; };
/* End PBXFileReference section */

/* Begin PBXFrameworksBuildPhase section */
		2601D5F41F0DDDD500039421 /* Frameworks */ = {
			isa = PBXFrameworksBuildPhase;
			buildActionMask = 2147483647;
			files = (
				DAD5BF73F17AF698A0251056 /* Pods_ExpenseTracker.framework in Frameworks */,
			);
			runOnlyForDeploymentPostprocessing = 0;
		};
		2601D6081F0DDDD500039421 /* Frameworks */ = {
			isa = PBXFrameworksBuildPhase;
			buildActionMask = 2147483647;
			files = (
				4F62F150462ABE5E7F426AA1 /* Pods_ExpenseTracker_ExpenseTrackerTests.framework in Frameworks */,
			);
			runOnlyForDeploymentPostprocessing = 0;
		};
/* End PBXFrameworksBuildPhase section */

/* Begin PBXGroup section */
		2601D5EE1F0DDDD500039421 = {
			isa = PBXGroup;
			children = (
				2601D5F91F0DDDD500039421 /* ExpenseTracker */,
				2601D60E1F0DDDD500039421 /* ExpenseTrackerTests */,
				2601D5F81F0DDDD500039421 /* Products */,
				261E6C021F0E114A00BB3451 /* Frameworks */,
				69D8E0B59198BBA419C4D319 /* Pods */,
			);
			sourceTree = "<group>";
		};
		2601D5F81F0DDDD500039421 /* Products */ = {
			isa = PBXGroup;
			children = (
				2601D5F71F0DDDD500039421 /* ExpenseTracker.app */,
				2601D60B1F0DDDD500039421 /* ExpenseTrackerTests.xctest */,
			);
			name = Products;
			sourceTree = "<group>";
		};
		2601D5F91F0DDDD500039421 /* ExpenseTracker */ = {
			isa = PBXGroup;
			children = (
				2624AAA31F2F08C100CEDA2F /* Application.swift */,
				2601D61B1F0DDDEA00039421 /* Protocols.swift */,
				26A46F331F1F39B8002DC5C4 /* Extensions.swift */,
				2602C1961F14B0D500A040E2 /* Helpers */,
				2601D61A1F0DDDDA00039421 /* Model */,
				262E7ED91F2EE39900CFE6B9 /* Navigation */,
				2601D61F1F0DE42D00039421 /* ViewModel */,
				2601D61E1F0DE42100039421 /* ViewController */,
				2601D5FA1F0DDDD500039421 /* AppDelegate.swift */,
				2601D5FC1F0DDDD500039421 /* ViewController.swift */,
				2601D6011F0DDDD500039421 /* Assets.xcassets */,
				2601D6031F0DDDD500039421 /* LaunchScreen.storyboard */,
				2601D6061F0DDDD500039421 /* Info.plist */,
			);
			path = ExpenseTracker;
			sourceTree = "<group>";
		};
		2601D60E1F0DDDD500039421 /* ExpenseTrackerTests */ = {
			isa = PBXGroup;
			children = (
				26FDE1BE1F207F5D008AACBA /* ExpenseTests.swift */,
				2601D60F1F0DDDD500039421 /* ExpenseTrackerTests.swift */,
				2601D6111F0DDDD500039421 /* Info.plist */,
			);
			path = ExpenseTrackerTests;
			sourceTree = "<group>";
		};
		2601D61A1F0DDDDA00039421 /* Model */ = {
			isa = PBXGroup;
			children = (
				2601D6281F0DEDFE00039421 /* Category.swift */,
				2601D62A1F0DEE0700039421 /* Expense.swift */,
			);
			path = Model;
			sourceTree = "<group>";
		};
		2601D61E1F0DE42100039421 /* ViewController */ = {
			isa = PBXGroup;
			children = (
				2624AAA71F3075C300CEDA2F /* HomeViewModel.swift */,
				2601D6241F0DE9CC00039421 /* HomeViewController.swift */,
				26E8A3761F1371CD0056C5FE /* HomeViewController.xib */,
				26D5CA621F14B4BE001A9F85 /* NewExpenseViewController.swift */,
				2624AAA91F30772200CEDA2F /* NewExpenseViewModel.swift */,
				26D5CA641F14B4CF001A9F85 /* NewExpenseViewController.xib */,
			);
			path = ViewController;
			sourceTree = "<group>";
		};
		2601D61F1F0DE42D00039421 /* ViewModel */ = {
			isa = PBXGroup;
			children = (
				26F4F9EC1F186A1100D75562 /* DetailViewModel.swift */,
				26F4F9EE1F186D6200D75562 /* ListViewModel.swift */,
			);
			path = ViewModel;
			sourceTree = "<group>";
		};
		2602C1961F14B0D500A040E2 /* Helpers */ = {
			isa = PBXGroup;
			children = (
				2602C1971F14B0EE00A040E2 /* PersistingHelper.swift */,
			);
			path = Helpers;
			sourceTree = "<group>";
		};
		261E6C021F0E114A00BB3451 /* Frameworks */ = {
			isa = PBXGroup;
			children = (
				261E6C031F0E114C00BB3451 /* Realm.framework */,
				26FDE1C11F2080CA008AACBA /* Realm.framework */,
				261E6C041F0E114D00BB3451 /* RealmSwift.framework */,
				26FDE1C01F2080C9008AACBA /* RealmSwift.framework */,
				0C4CA484E75256A8069E4719 /* Pods_ExpenseTracker.framework */,
				045B8F92ED8ADBCDB3CFEDFB /* Pods_ExpenseTracker_ExpenseTrackerTests.framework */,
			);
			name = Frameworks;
			sourceTree = "<group>";
		};
		262E7ED91F2EE39900CFE6B9 /* Navigation */ = {
			isa = PBXGroup;
			children = (
				2624AAA51F2F093900CEDA2F /* Navigation.swift */,
			);
			path = Navigation;
			sourceTree = "<group>";
		};
		69D8E0B59198BBA419C4D319 /* Pods */ = {
			isa = PBXGroup;
			children = (
				07060041359EBCFCDB38E70A /* Pods-ExpenseTracker.debug.xcconfig */,
				AA3EC46A7FBACDA0B7A74533 /* Pods-ExpenseTracker.release.xcconfig */,
				5ED7F8E718D21B1E60DBCF5E /* Pods-ExpenseTracker-ExpenseTrackerTests.debug.xcconfig */,
				0B5964392FD768FB0871CAB2 /* Pods-ExpenseTracker-ExpenseTrackerTests.release.xcconfig */,
			);
			name = Pods;
			sourceTree = "<group>";
		};
/* End PBXGroup section */

/* Begin PBXNativeTarget section */
		2601D5F61F0DDDD500039421 /* ExpenseTracker */ = {
			isa = PBXNativeTarget;
			buildConfigurationList = 2601D6141F0DDDD500039421 /* Build configuration list for PBXNativeTarget "ExpenseTracker" */;
			buildPhases = (
				AD21D1F8B4F7A612D0EE5426 /* [CP] Check Pods Manifest.lock */,
				2601D5F31F0DDDD500039421 /* Sources */,
				2601D5F41F0DDDD500039421 /* Frameworks */,
				2601D5F51F0DDDD500039421 /* Resources */,
				267546C21F1360E400BB361A /* CopyFiles */,
				22E4C918E54BA1B45FCD3072 /* [CP] Embed Pods Frameworks */,
				29C08F34BEAD2C209467BA35 /* [CP] Copy Pods Resources */,
			);
			buildRules = (
			);
			dependencies = (
			);
			name = ExpenseTracker;
			productName = ExpenseTracker;
			productReference = 2601D5F71F0DDDD500039421 /* ExpenseTracker.app */;
			productType = "com.apple.product-type.application";
		};
		2601D60A1F0DDDD500039421 /* ExpenseTrackerTests */ = {
			isa = PBXNativeTarget;
			buildConfigurationList = 2601D6171F0DDDD500039421 /* Build configuration list for PBXNativeTarget "ExpenseTrackerTests" */;
			buildPhases = (
				25590E416C715D1495656628 /* [CP] Check Pods Manifest.lock */,
				2601D6071F0DDDD500039421 /* Sources */,
				2601D6081F0DDDD500039421 /* Frameworks */,
				2601D6091F0DDDD500039421 /* Resources */,
				B6C0D052B6763689947D1E04 /* [CP] Embed Pods Frameworks */,
				BC986ABC678F69E4DEC40465 /* [CP] Copy Pods Resources */,
			);
			buildRules = (
			);
			dependencies = (
				2601D60D1F0DDDD500039421 /* PBXTargetDependency */,
			);
			name = ExpenseTrackerTests;
			productName = ExpenseTrackerTests;
			productReference = 2601D60B1F0DDDD500039421 /* ExpenseTrackerTests.xctest */;
			productType = "com.apple.product-type.bundle.unit-test";
		};
/* End PBXNativeTarget section */

/* Begin PBXProject section */
		2601D5EF1F0DDDD500039421 /* Project object */ = {
			isa = PBXProject;
			attributes = {
				LastSwiftUpdateCheck = 0900;
				LastUpgradeCheck = 0900;
				ORGANIZATIONNAME = Adriana;
				TargetAttributes = {
					2601D5F61F0DDDD500039421 = {
						CreatedOnToolsVersion = 9.0;
						LastSwiftMigration = 0900;
					};
					2601D60A1F0DDDD500039421 = {
						CreatedOnToolsVersion = 9.0;
						LastSwiftMigration = 0900;
						TestTargetID = 2601D5F61F0DDDD500039421;
					};
				};
			};
			buildConfigurationList = 2601D5F21F0DDDD500039421 /* Build configuration list for PBXProject "ExpenseTracker" */;
			compatibilityVersion = "Xcode 8.0";
			developmentRegion = en;
			hasScannedForEncodings = 0;
			knownRegions = (
				en,
				Base,
			);
			mainGroup = 2601D5EE1F0DDDD500039421;
			productRefGroup = 2601D5F81F0DDDD500039421 /* Products */;
			projectDirPath = "";
			projectRoot = "";
			targets = (
				2601D5F61F0DDDD500039421 /* ExpenseTracker */,
				2601D60A1F0DDDD500039421 /* ExpenseTrackerTests */,
			);
		};
/* End PBXProject section */

/* Begin PBXResourcesBuildPhase section */
		2601D5F51F0DDDD500039421 /* Resources */ = {
			isa = PBXResourcesBuildPhase;
			buildActionMask = 2147483647;
			files = (
				2601D6051F0DDDD500039421 /* LaunchScreen.storyboard in Resources */,
				26E8A3771F1371CD0056C5FE /* HomeViewController.xib in Resources */,
				26D5CA651F14B4CF001A9F85 /* NewExpenseViewController.xib in Resources */,
				2601D6021F0DDDD500039421 /* Assets.xcassets in Resources */,
			);
			runOnlyForDeploymentPostprocessing = 0;
		};
		2601D6091F0DDDD500039421 /* Resources */ = {
			isa = PBXResourcesBuildPhase;
			buildActionMask = 2147483647;
			files = (
			);
			runOnlyForDeploymentPostprocessing = 0;
		};
/* End PBXResourcesBuildPhase section */

/* Begin PBXShellScriptBuildPhase section */
		22E4C918E54BA1B45FCD3072 /* [CP] Embed Pods Frameworks */ = {
			isa = PBXShellScriptBuildPhase;
			buildActionMask = 2147483647;
			files = (
			);
			inputPaths = (
			);
			name = "[CP] Embed Pods Frameworks";
			outputPaths = (
			);
			runOnlyForDeploymentPostprocessing = 0;
			shellPath = /bin/sh;
			shellScript = "\"${SRCROOT}/Pods/Target Support Files/Pods-ExpenseTracker/Pods-ExpenseTracker-frameworks.sh\"\n";
			showEnvVarsInLog = 0;
		};
		25590E416C715D1495656628 /* [CP] Check Pods Manifest.lock */ = {
			isa = PBXShellScriptBuildPhase;
			buildActionMask = 2147483647;
			files = (
			);
			inputPaths = (
			);
			name = "[CP] Check Pods Manifest.lock";
			outputPaths = (
			);
			runOnlyForDeploymentPostprocessing = 0;
			shellPath = /bin/sh;
			shellScript = "diff \"${PODS_PODFILE_DIR_PATH}/Podfile.lock\" \"${PODS_ROOT}/Manifest.lock\" > /dev/null\nif [ $? != 0 ] ; then\n    # print error to STDERR\n    echo \"error: The sandbox is not in sync with the Podfile.lock. Run 'pod install' or update your CocoaPods installation.\" >&2\n    exit 1\nfi\n";
			showEnvVarsInLog = 0;
		};
		29C08F34BEAD2C209467BA35 /* [CP] Copy Pods Resources */ = {
			isa = PBXShellScriptBuildPhase;
			buildActionMask = 2147483647;
			files = (
			);
			inputPaths = (
			);
			name = "[CP] Copy Pods Resources";
			outputPaths = (
			);
			runOnlyForDeploymentPostprocessing = 0;
			shellPath = /bin/sh;
			shellScript = "\"${SRCROOT}/Pods/Target Support Files/Pods-ExpenseTracker/Pods-ExpenseTracker-resources.sh\"\n";
			showEnvVarsInLog = 0;
		};
		AD21D1F8B4F7A612D0EE5426 /* [CP] Check Pods Manifest.lock */ = {
			isa = PBXShellScriptBuildPhase;
			buildActionMask = 2147483647;
			files = (
			);
			inputPaths = (
			);
			name = "[CP] Check Pods Manifest.lock";
			outputPaths = (
			);
			runOnlyForDeploymentPostprocessing = 0;
			shellPath = /bin/sh;
			shellScript = "diff \"${PODS_PODFILE_DIR_PATH}/Podfile.lock\" \"${PODS_ROOT}/Manifest.lock\" > /dev/null\nif [ $? != 0 ] ; then\n    # print error to STDERR\n    echo \"error: The sandbox is not in sync with the Podfile.lock. Run 'pod install' or update your CocoaPods installation.\" >&2\n    exit 1\nfi\n";
			showEnvVarsInLog = 0;
		};
		B6C0D052B6763689947D1E04 /* [CP] Embed Pods Frameworks */ = {
			isa = PBXShellScriptBuildPhase;
			buildActionMask = 2147483647;
			files = (
			);
			inputPaths = (
			);
			name = "[CP] Embed Pods Frameworks";
			outputPaths = (
			);
			runOnlyForDeploymentPostprocessing = 0;
			shellPath = /bin/sh;
			shellScript = "\"${SRCROOT}/Pods/Target Support Files/Pods-ExpenseTracker-ExpenseTrackerTests/Pods-ExpenseTracker-ExpenseTrackerTests-frameworks.sh\"\n";
			showEnvVarsInLog = 0;
		};
		BC986ABC678F69E4DEC40465 /* [CP] Copy Pods Resources */ = {
			isa = PBXShellScriptBuildPhase;
			buildActionMask = 2147483647;
			files = (
			);
			inputPaths = (
			);
			name = "[CP] Copy Pods Resources";
			outputPaths = (
			);
			runOnlyForDeploymentPostprocessing = 0;
			shellPath = /bin/sh;
			shellScript = "\"${SRCROOT}/Pods/Target Support Files/Pods-ExpenseTracker-ExpenseTrackerTests/Pods-ExpenseTracker-ExpenseTrackerTests-resources.sh\"\n";
			showEnvVarsInLog = 0;
		};
/* End PBXShellScriptBuildPhase section */

/* Begin PBXSourcesBuildPhase section */
		2601D5F31F0DDDD500039421 /* Sources */ = {
			isa = PBXSourcesBuildPhase;
			buildActionMask = 2147483647;
			files = (
				2601D61C1F0DDDEA00039421 /* Protocols.swift in Sources */,
				26F4F9EF1F186D6200D75562 /* ListViewModel.swift in Sources */,
				2624AAA41F2F08C100CEDA2F /* Application.swift in Sources */,
				2601D5FD1F0DDDD500039421 /* ViewController.swift in Sources */,
				26D5CA631F14B4BE001A9F85 /* NewExpenseViewController.swift in Sources */,
				2601D5FB1F0DDDD500039421 /* AppDelegate.swift in Sources */,
				2602C1981F14B0EE00A040E2 /* PersistingHelper.swift in Sources */,
				2624AAAA1F30772200CEDA2F /* NewExpenseViewModel.swift in Sources */,
				26F4F9ED1F186A1100D75562 /* DetailViewModel.swift in Sources */,
				2601D62B1F0DEE0700039421 /* Expense.swift in Sources */,
				2624AAA81F3075C300CEDA2F /* HomeViewModel.swift in Sources */,
				2601D6251F0DE9CC00039421 /* HomeViewController.swift in Sources */,
				26A46F341F1F39B8002DC5C4 /* Extensions.swift in Sources */,
				2624AAA61F2F093900CEDA2F /* Navigation.swift in Sources */,
				2601D6291F0DEDFE00039421 /* Category.swift in Sources */,
			);
			runOnlyForDeploymentPostprocessing = 0;
		};
		2601D6071F0DDDD500039421 /* Sources */ = {
			isa = PBXSourcesBuildPhase;
			buildActionMask = 2147483647;
			files = (
				26FDE1BF1F207F5D008AACBA /* ExpenseTests.swift in Sources */,
				2601D6101F0DDDD500039421 /* ExpenseTrackerTests.swift in Sources */,
			);
			runOnlyForDeploymentPostprocessing = 0;
		};
/* End PBXSourcesBuildPhase section */

/* Begin PBXTargetDependency section */
		2601D60D1F0DDDD500039421 /* PBXTargetDependency */ = {
			isa = PBXTargetDependency;
			target = 2601D5F61F0DDDD500039421 /* ExpenseTracker */;
			targetProxy = 2601D60C1F0DDDD500039421 /* PBXContainerItemProxy */;
		};
/* End PBXTargetDependency section */

/* Begin PBXVariantGroup section */
		2601D6031F0DDDD500039421 /* LaunchScreen.storyboard */ = {
			isa = PBXVariantGroup;
			children = (
				2601D6041F0DDDD500039421 /* Base */,
			);
			name = LaunchScreen.storyboard;
			sourceTree = "<group>";
		};
/* End PBXVariantGroup section */

/* Begin XCBuildConfiguration section */
		2601D6121F0DDDD500039421 /* Debug */ = {
			isa = XCBuildConfiguration;
			buildSettings = {
				ALWAYS_SEARCH_USER_PATHS = NO;
				CLANG_ANALYZER_NONNULL = YES;
				CLANG_ANALYZER_NUMBER_OBJECT_CONVERSION = YES_AGGRESSIVE;
				CLANG_CXX_LANGUAGE_STANDARD = "gnu++14";
				CLANG_CXX_LIBRARY = "libc++";
				CLANG_ENABLE_MODULES = YES;
				CLANG_ENABLE_OBJC_ARC = YES;
				CLANG_WARN_BLOCK_CAPTURE_AUTORELEASING = YES;
				CLANG_WARN_BOOL_CONVERSION = YES;
				CLANG_WARN_COMMA = YES;
				CLANG_WARN_CONSTANT_CONVERSION = YES;
				CLANG_WARN_DIRECT_OBJC_ISA_USAGE = YES_ERROR;
				CLANG_WARN_DOCUMENTATION_COMMENTS = YES;
				CLANG_WARN_EMPTY_BODY = YES;
				CLANG_WARN_ENUM_CONVERSION = YES;
				CLANG_WARN_INFINITE_RECURSION = YES;
				CLANG_WARN_INT_CONVERSION = YES;
				CLANG_WARN_NON_LITERAL_NULL_CONVERSION = YES;
				CLANG_WARN_OBJC_LITERAL_CONVERSION = YES;
				CLANG_WARN_OBJC_ROOT_CLASS = YES_ERROR;
				CLANG_WARN_RANGE_LOOP_ANALYSIS = YES;
				CLANG_WARN_STRICT_PROTOTYPES = YES;
				CLANG_WARN_SUSPICIOUS_MOVE = YES;
				CLANG_WARN_UNGUARDED_AVAILABILITY = YES_AGGRESSIVE;
				CLANG_WARN_UNREACHABLE_CODE = YES;
				CLANG_WARN__DUPLICATE_METHOD_MATCH = YES;
				CODE_SIGN_IDENTITY = "iPhone Developer";
				COPY_PHASE_STRIP = NO;
				DEBUG_INFORMATION_FORMAT = dwarf;
				ENABLE_STRICT_OBJC_MSGSEND = YES;
				ENABLE_TESTABILITY = YES;
				GCC_C_LANGUAGE_STANDARD = gnu11;
				GCC_DYNAMIC_NO_PIC = NO;
				GCC_NO_COMMON_BLOCKS = YES;
				GCC_OPTIMIZATION_LEVEL = 0;
				GCC_PREPROCESSOR_DEFINITIONS = (
					"DEBUG=1",
					"$(inherited)",
				);
				GCC_WARN_64_TO_32_BIT_CONVERSION = YES;
				GCC_WARN_ABOUT_RETURN_TYPE = YES_ERROR;
				GCC_WARN_UNDECLARED_SELECTOR = YES;
				GCC_WARN_UNINITIALIZED_AUTOS = YES_AGGRESSIVE;
				GCC_WARN_UNUSED_FUNCTION = YES;
				GCC_WARN_UNUSED_VARIABLE = YES;
				IPHONEOS_DEPLOYMENT_TARGET = 11.0;
				MTL_ENABLE_DEBUG_INFO = YES;
				ONLY_ACTIVE_ARCH = YES;
				SDKROOT = iphoneos;
				SWIFT_ACTIVE_COMPILATION_CONDITIONS = DEBUG;
				SWIFT_OPTIMIZATION_LEVEL = "-Onone";
			};
			name = Debug;
		};
		2601D6131F0DDDD500039421 /* Release */ = {
			isa = XCBuildConfiguration;
			buildSettings = {
				ALWAYS_SEARCH_USER_PATHS = NO;
				CLANG_ANALYZER_NONNULL = YES;
				CLANG_ANALYZER_NUMBER_OBJECT_CONVERSION = YES_AGGRESSIVE;
				CLANG_CXX_LANGUAGE_STANDARD = "gnu++14";
				CLANG_CXX_LIBRARY = "libc++";
				CLANG_ENABLE_MODULES = YES;
				CLANG_ENABLE_OBJC_ARC = YES;
				CLANG_WARN_BLOCK_CAPTURE_AUTORELEASING = YES;
				CLANG_WARN_BOOL_CONVERSION = YES;
				CLANG_WARN_COMMA = YES;
				CLANG_WARN_CONSTANT_CONVERSION = YES;
				CLANG_WARN_DIRECT_OBJC_ISA_USAGE = YES_ERROR;
				CLANG_WARN_DOCUMENTATION_COMMENTS = YES;
				CLANG_WARN_EMPTY_BODY = YES;
				CLANG_WARN_ENUM_CONVERSION = YES;
				CLANG_WARN_INFINITE_RECURSION = YES;
				CLANG_WARN_INT_CONVERSION = YES;
				CLANG_WARN_NON_LITERAL_NULL_CONVERSION = YES;
				CLANG_WARN_OBJC_LITERAL_CONVERSION = YES;
				CLANG_WARN_OBJC_ROOT_CLASS = YES_ERROR;
				CLANG_WARN_RANGE_LOOP_ANALYSIS = YES;
				CLANG_WARN_STRICT_PROTOTYPES = YES;
				CLANG_WARN_SUSPICIOUS_MOVE = YES;
				CLANG_WARN_UNGUARDED_AVAILABILITY = YES_AGGRESSIVE;
				CLANG_WARN_UNREACHABLE_CODE = YES;
				CLANG_WARN__DUPLICATE_METHOD_MATCH = YES;
				CODE_SIGN_IDENTITY = "iPhone Developer";
				COPY_PHASE_STRIP = NO;
				DEBUG_INFORMATION_FORMAT = "dwarf-with-dsym";
				ENABLE_NS_ASSERTIONS = NO;
				ENABLE_STRICT_OBJC_MSGSEND = YES;
				GCC_C_LANGUAGE_STANDARD = gnu11;
				GCC_NO_COMMON_BLOCKS = YES;
				GCC_WARN_64_TO_32_BIT_CONVERSION = YES;
				GCC_WARN_ABOUT_RETURN_TYPE = YES_ERROR;
				GCC_WARN_UNDECLARED_SELECTOR = YES;
				GCC_WARN_UNINITIALIZED_AUTOS = YES_AGGRESSIVE;
				GCC_WARN_UNUSED_FUNCTION = YES;
				GCC_WARN_UNUSED_VARIABLE = YES;
				IPHONEOS_DEPLOYMENT_TARGET = 11.0;
				MTL_ENABLE_DEBUG_INFO = NO;
				SDKROOT = iphoneos;
				SWIFT_OPTIMIZATION_LEVEL = "-Owholemodule";
				VALIDATE_PRODUCT = YES;
			};
			name = Release;
		};
		2601D6151F0DDDD500039421 /* Debug */ = {
			isa = XCBuildConfiguration;
			baseConfigurationReference = 07060041359EBCFCDB38E70A /* Pods-ExpenseTracker.debug.xcconfig */;
			buildSettings = {
				ASSETCATALOG_COMPILER_APPICON_NAME = AppIcon;
				DEVELOPMENT_TEAM = W3RCCUG568;
				FRAMEWORK_SEARCH_PATHS = (
					"$(inherited)",
					"$(PROJECT_DIR)/Carthage/Build/iOS",
				);
				INFOPLIST_FILE = ExpenseTracker/Info.plist;
				LD_RUNPATH_SEARCH_PATHS = "$(inherited) @executable_path/Frameworks";
				OTHER_SWIFT_FLAGS = "-Xfrontend -disable-typo-correction";
				PRODUCT_BUNDLE_IDENTIFIER = com.ad.ExpenseTracker;
				PRODUCT_NAME = "$(TARGET_NAME)";
				SWIFT_SWIFT3_OBJC_INFERENCE = On;
				SWIFT_VERSION = 4.0;
				TARGETED_DEVICE_FAMILY = "1,2";
			};
			name = Debug;
		};
		2601D6161F0DDDD500039421 /* Release */ = {
			isa = XCBuildConfiguration;
			baseConfigurationReference = AA3EC46A7FBACDA0B7A74533 /* Pods-ExpenseTracker.release.xcconfig */;
			buildSettings = {
				ASSETCATALOG_COMPILER_APPICON_NAME = AppIcon;
				DEVELOPMENT_TEAM = W3RCCUG568;
				FRAMEWORK_SEARCH_PATHS = (
					"$(inherited)",
					"$(PROJECT_DIR)/Carthage/Build/iOS",
				);
				INFOPLIST_FILE = ExpenseTracker/Info.plist;
				LD_RUNPATH_SEARCH_PATHS = "$(inherited) @executable_path/Frameworks";
				OTHER_SWIFT_FLAGS = "-Xfrontend -disable-typo-correction";
				PRODUCT_BUNDLE_IDENTIFIER = com.ad.ExpenseTracker;
				PRODUCT_NAME = "$(TARGET_NAME)";
				SWIFT_SWIFT3_OBJC_INFERENCE = On;
				SWIFT_VERSION = 4.0;
				TARGETED_DEVICE_FAMILY = "1,2";
			};
			name = Release;
		};
		2601D6181F0DDDD500039421 /* Debug */ = {
			isa = XCBuildConfiguration;
			baseConfigurationReference = 5ED7F8E718D21B1E60DBCF5E /* Pods-ExpenseTracker-ExpenseTrackerTests.debug.xcconfig */;
			buildSettings = {
				ALWAYS_EMBED_SWIFT_STANDARD_LIBRARIES = YES;
				BUNDLE_LOADER = "$(TEST_HOST)";
				DEVELOPMENT_TEAM = W3RCCUG568;
				INFOPLIST_FILE = ExpenseTrackerTests/Info.plist;
				LD_RUNPATH_SEARCH_PATHS = "$(inherited) @executable_path/Frameworks @loader_path/Frameworks";
				PRODUCT_BUNDLE_IDENTIFIER = com.ad.ExpenseTrackerTests;
				PRODUCT_NAME = "$(TARGET_NAME)";
				SWIFT_SWIFT3_OBJC_INFERENCE = On;
				SWIFT_VERSION = 4.0;
				TARGETED_DEVICE_FAMILY = "1,2";
				TEST_HOST = "$(BUILT_PRODUCTS_DIR)/ExpenseTracker.app/ExpenseTracker";
			};
			name = Debug;
		};
		2601D6191F0DDDD500039421 /* Release */ = {
			isa = XCBuildConfiguration;
			baseConfigurationReference = 0B5964392FD768FB0871CAB2 /* Pods-ExpenseTracker-ExpenseTrackerTests.release.xcconfig */;
			buildSettings = {
				ALWAYS_EMBED_SWIFT_STANDARD_LIBRARIES = YES;
				BUNDLE_LOADER = "$(TEST_HOST)";
				DEVELOPMENT_TEAM = W3RCCUG568;
				INFOPLIST_FILE = ExpenseTrackerTests/Info.plist;
				LD_RUNPATH_SEARCH_PATHS = "$(inherited) @executable_path/Frameworks @loader_path/Frameworks";
				PRODUCT_BUNDLE_IDENTIFIER = com.ad.ExpenseTrackerTests;
				PRODUCT_NAME = "$(TARGET_NAME)";
				SWIFT_SWIFT3_OBJC_INFERENCE = On;
				SWIFT_VERSION = 4.0;
				TARGETED_DEVICE_FAMILY = "1,2";
				TEST_HOST = "$(BUILT_PRODUCTS_DIR)/ExpenseTracker.app/ExpenseTracker";
			};
			name = Release;
		};
/* End XCBuildConfiguration section */

/* Begin XCConfigurationList section */
		2601D5F21F0DDDD500039421 /* Build configuration list for PBXProject "ExpenseTracker" */ = {
			isa = XCConfigurationList;
			buildConfigurations = (
				2601D6121F0DDDD500039421 /* Debug */,
				2601D6131F0DDDD500039421 /* Release */,
			);
			defaultConfigurationIsVisible = 0;
			defaultConfigurationName = Release;
		};
		2601D6141F0DDDD500039421 /* Build configuration list for PBXNativeTarget "ExpenseTracker" */ = {
			isa = XCConfigurationList;
			buildConfigurations = (
				2601D6151F0DDDD500039421 /* Debug */,
				2601D6161F0DDDD500039421 /* Release */,
			);
			defaultConfigurationIsVisible = 0;
			defaultConfigurationName = Release;
		};
		2601D6171F0DDDD500039421 /* Build configuration list for PBXNativeTarget "ExpenseTrackerTests" */ = {
			isa = XCConfigurationList;
			buildConfigurations = (
				2601D6181F0DDDD500039421 /* Debug */,
				2601D6191F0DDDD500039421 /* Release */,
			);
			defaultConfigurationIsVisible = 0;
			defaultConfigurationName = Release;
		};
/* End XCConfigurationList section */
	};
	rootObject = 2601D5EF1F0DDDD500039421 /* Project object */;
}
